// !$*UTF8*$!
{
	archiveVersion = 1;
	classes = {
	};
	objectVersion = 46;
	objects = {

/* Begin PBXBuildFile section */
		CFEFCC781C3EA18700A239B6 /* AppDelegate.swift in Sources */ = {isa = PBXBuildFile; fileRef = CFEFCC771C3EA18700A239B6 /* AppDelegate.swift */; };
		CFEFCC7A1C3EA18700A239B6 /* ViewController.swift in Sources */ = {isa = PBXBuildFile; fileRef = CFEFCC791C3EA18700A239B6 /* ViewController.swift */; };
		CFEFCC7D1C3EA18700A239B6 /* Main.storyboard in Resources */ = {isa = PBXBuildFile; fileRef = CFEFCC7B1C3EA18700A239B6 /* Main.storyboard */; };
		CFEFCC7F1C3EA18700A239B6 /* Assets.xcassets in Resources */ = {isa = PBXBuildFile; fileRef = CFEFCC7E1C3EA18700A239B6 /* Assets.xcassets */; };
		CFEFCC821C3EA18700A239B6 /* LaunchScreen.storyboard in Resources */ = {isa = PBXBuildFile; fileRef = CFEFCC801C3EA18700A239B6 /* LaunchScreen.storyboard */; };
/* End PBXBuildFile section */

/* Begin PBXFileReference section */
		CFEFCC741C3EA18700A239B6 /* pH Tutor.app */ = {isa = PBXFileReference; explicitFileType = wrapper.application; includeInIndex = 0; path = "pH Tutor.app"; sourceTree = BUILT_PRODUCTS_DIR; };
		CFEFCC771C3EA18700A239B6 /* AppDelegate.swift */ = {isa = PBXFileReference; lastKnownFileType = sourcecode.swift; path = AppDelegate.swift; sourceTree = "<group>"; };
		CFEFCC791C3EA18700A239B6 /* ViewController.swift */ = {isa = PBXFileReference; lastKnownFileType = sourcecode.swift; path = ViewController.swift; sourceTree = "<group>"; };
		CFEFCC7C1C3EA18700A239B6 /* Base */ = {isa = PBXFileReference; lastKnownFileType = file.storyboard; name = Base; path = Base.lproj/Main.storyboard; sourceTree = "<group>"; };
		CFEFCC7E1C3EA18700A239B6 /* Assets.xcassets */ = {isa = PBXFileReference; lastKnownFileType = folder.assetcatalog; path = Assets.xcassets; sourceTree = "<group>"; };
		CFEFCC811C3EA18700A239B6 /* Base */ = {isa = PBXFileReference; lastKnownFileType = file.storyboard; name = Base; path = Base.lproj/LaunchScreen.storyboard; sourceTree = "<group>"; };
		CFEFCC831C3EA18700A239B6 /* Info.plist */ = {isa = PBXFileReference; lastKnownFileType = text.plist.xml; path = Info.plist; sourceTree = "<group>"; };
/* End PBXFileReference section */

/* Begin PBXFrameworksBuildPhase section */
		CFEFCC711C3EA18700A239B6 /* Frameworks */ = {
			isa = PBXFrameworksBuildPhase;
			buildActionMask = 2147483647;
			files = (
			);
			runOnlyForDeploymentPostprocessing = 0;
		};
/* End PBXFrameworksBuildPhase section */

/* Begin PBXGroup section */
		CFEFCC6B1C3EA18700A239B6 = {
			isa = PBXGroup;
			children = (
				CFEFCC761C3EA18700A239B6 /* pH Tutor */,
				CFEFCC751C3EA18700A239B6 /* Products */,
			);
			sourceTree = "<group>";
		};
		CFEFCC751C3EA18700A239B6 /* Products */ = {
			isa = PBXGroup;
			children = (
				CFEFCC741C3EA18700A239B6 /* pH Tutor.app */,
			);
			name = Products;
			sourceTree = "<group>";
		};
		CFEFCC761C3EA18700A239B6 /* pH Tutor */ = {
			isa = PBXGroup;
			children = (
				CFEFCC771C3EA18700A239B6 /* AppDelegate.swift */,
				CFEFCC791C3EA18700A239B6 /* ViewController.swift */,
				CFEFCC7B1C3EA18700A239B6 /* Main.storyboard */,
				CFEFCC7E1C3EA18700A239B6 /* Assets.xcassets */,
				CFEFCC801C3EA18700A239B6 /* LaunchScreen.storyboard */,
				CFEFCC831C3EA18700A239B6 /* Info.plist */,
			);
			path = "pH Tutor";
			sourceTree = "<group>";
		};
/* End PBXGroup section */

/* Begin PBXNativeTarget section */
		CFEFCC731C3EA18700A239B6 /* pH Tutor */ = {
			isa = PBXNativeTarget;
			buildConfigurationList = CFEFCC861C3EA18700A239B6 /* Build configuration list for PBXNativeTarget "pH Tutor" */;
			buildPhases = (
				CFEFCC701C3EA18700A239B6 /* Sources */,
				CFEFCC711C3EA18700A239B6 /* Frameworks */,
				CFEFCC721C3EA18700A239B6 /* Resources */,
			);
			buildRules = (
			);
			dependencies = (
			);
			name = "pH Tutor";
			productName = "pH Tutor";
			productReference = CFEFCC741C3EA18700A239B6 /* pH Tutor.app */;
			productType = "com.apple.product-type.application";
		};
/* End PBXNativeTarget section */

/* Begin PBXProject section */
		CFEFCC6C1C3EA18700A239B6 /* Project object */ = {
			isa = PBXProject;
			attributes = {
				LastUpgradeCheck = 0700;
				ORGANIZATIONNAME = GemmaShearer;
				TargetAttributes = {
					CFEFCC731C3EA18700A239B6 = {
						CreatedOnToolsVersion = 7.0;
					};
				};
			};
			buildConfigurationList = CFEFCC6F1C3EA18700A239B6 /* Build configuration list for PBXProject "pH Tutor" */;
			compatibilityVersion = "Xcode 3.2";
			developmentRegion = English;
			hasScannedForEncodings = 0;
			knownRegions = (
				en,
				Base,
			);
			mainGroup = CFEFCC6B1C3EA18700A239B6;
			productRefGroup = CFEFCC751C3EA18700A239B6 /* Products */;
			projectDirPath = "";
			projectRoot = "";
			targets = (
				CFEFCC731C3EA18700A239B6 /* pH Tutor */,
			);
		};
/* End PBXProject section */

/* Begin PBXResourcesBuildPhase section */
		CFEFCC721C3EA18700A239B6 /* Resources */ = {
			isa = PBXResourcesBuildPhase;
			buildActionMask = 2147483647;
			files = (
				CFEFCC821C3EA18700A239B6 /* LaunchScreen.storyboard in Resources */,
				CFEFCC7F1C3EA18700A239B6 /* Assets.xcassets in Resources */,
				CFEFCC7D1C3EA18700A239B6 /* Main.storyboard in Resources */,
			);
			runOnlyForDeploymentPostprocessing = 0;
		};
/* End PBXResourcesBuildPhase section */

/* Begin PBXSourcesBuildPhase section */
		CFEFCC701C3EA18700A239B6 /* Sources */ = {
			isa = PBXSourcesBuildPhase;
			buildActionMask = 2147483647;
			files = (
				CFEFCC7A1C3EA18700A239B6 /* ViewController.swift in Sources */,
				CFEFCC781C3EA18700A239B6 /* AppDelegate.swift in Sources */,
			);
			runOnlyForDeploymentPostprocessing = 0;
		};
/* End PBXSourcesBuildPhase section */

/* Begin PBXVariantGroup section */
		CFEFCC7B1C3EA18700A239B6 /* Main.storyboard */ = {
			isa = PBXVariantGroup;
			children = (
				CFEFCC7C1C3EA18700A239B6 /* Base */,
			);
			name = Main.storyboard;
			sourceTree = "<group>";
		};
		CFEFCC801C3EA18700A239B6 /* LaunchScreen.storyboard */ = {
			isa = PBXVariantGroup;
			children = (
				CFEFCC811C3EA18700A239B6 /* Base */,
			);
			name = LaunchScreen.storyboard;
			sourceTree = "<group>";
		};
/* End PBXVariantGroup section */

/* Begin XCBuildConfiguration section */
		CFEFCC841C3EA18700A239B6 /* Debug */ = {
			isa = XCBuildConfiguration;
			buildSettings = {
				ALWAYS_SEARCH_USER_PATHS = NO;
				CLANG_CXX_LANGUAGE_STANDARD = "gnu++0x";
				CLANG_CXX_LIBRARY = "libc++";
				CLANG_ENABLE_MODULES = YES;
				CLANG_ENABLE_OBJC_ARC = YES;
				CLANG_WARN_BOOL_CONVERSION = YES;
				CLANG_WARN_CONSTANT_CONVERSION = YES;
				CLANG_WARN_DIRECT_OBJC_ISA_USAGE = YES_ERROR;
				CLANG_WARN_EMPTY_BODY = YES;
				CLANG_WARN_ENUM_CONVERSION = YES;
				CLANG_WARN_INT_CONVERSION = YES;
				CLANG_WARN_OBJC_ROOT_CLASS = YES_ERROR;
				CLANG_WARN_UNREACHABLE_CODE = YES;
				CLANG_WARN__DUPLICATE_METHOD_MATCH = YES;
				"CODE_SIGN_IDENTITY[sdk=iphoneos*]" = "iPhone Developer";
				COPY_PHASE_STRIP = NO;
				DEBUG_INFORMATION_FORMAT = dwarf;
				ENABLE_STRICT_OBJC_MSGSEND = YES;
				ENABLE_TESTABILITY = YES;
				GCC_C_LANGUAGE_STANDARD = gnu99;
				GCC_DYNAMIC_NO_PIC = NO;
				GCC_NO_COMMON_BLOCKS = YES;
				GCC_OPTIMIZATION_LEVEL = 0;
				GCC_PREPROCESSOR_DEFINITIONS = (
					"DEBUG=1",
					"$(inherited)",
				);
				GCC_WARN_64_TO_32_BIT_CONVERSION = YES;
				GCC_WARN_ABOUT_RETURN_TYPE = YES_ERROR;
				GCC_WARN_UNDECLARED_SELECTOR = YES;
				GCC_WARN_UNINITIALIZED_AUTOS = YES_AGGRESSIVE;
				GCC_WARN_UNUSED_FUNCTION = YES;
				GCC_WARN_UNUSED_VARIABLE = YES;
				IPHONEOS_DEPLOYMENT_TARGET = 9.0;
				MTL_ENABLE_DEBUG_INFO = YES;
				ONLY_ACTIVE_ARCH = YES;
				SDKROOT = iphoneos;
				SWIFT_OPTIMIZATION_LEVEL = "-Onone";
				TARGETED_DEVICE_FAMILY = "1,2";
			};
			name = Debug;
		};
		CFEFCC851C3EA18700A239B6 /* Release */ = {
			isa = XCBuildConfiguration;
			buildSettings = {
				ALWAYS_SEARCH_USER_PATHS = NO;
				CLANG_CXX_LANGUAGE_STANDARD = "gnu++0x";
				CLANG_CXX_LIBRARY = "libc++";
				CLANG_ENABLE_MODULES = YES;
				CLANG_ENABLE_OBJC_ARC = YES;
				CLANG_WARN_BOOL_CONVERSION = YES;
				CLANG_WARN_CONSTANT_CONVERSION = YES;
				CLANG_WARN_DIRECT_OBJC_ISA_USAGE = YES_ERROR;
				CLANG_WARN_EMPTY_BODY = YES;
				CLANG_WARN_ENUM_CONVERSION = YES;
				CLANG_WARN_INT_CONVERSION = YES;
				CLANG_WARN_OBJC_ROOT_CLASS = YES_ERROR;
				CLANG_WARN_UNREACHABLE_CODE = YES;
				CLANG_WARN__DUPLICATE_METHOD_MATCH = YES;
				"CODE_SIGN_IDENTITY[sdk=iphoneos*]" = "iPhone Developer";
				COPY_PHASE_STRIP = NO;
				DEBUG_INFORMATION_FORMAT = "dwarf-with-dsym";
				ENABLE_NS_ASSERTIONS = NO;
				ENABLE_STRICT_OBJC_MSGSEND = YES;
				GCC_C_LANGUAGE_STANDARD = gnu99;
				GCC_NO_COMMON_BLOCKS = YES;
				GCC_WARN_64_TO_32_BIT_CONVERSION = YES;
				GCC_WARN_ABOUT_RETURN_TYPE = YES_ERROR;
				GCC_WARN_UNDECLARED_SELECTOR = YES;
				GCC_WARN_UNINITIALIZED_AUTOS = YES_AGGRESSIVE;
				GCC_WARN_UNUSED_FUNCTION = YES;
				GCC_WARN_UNUSED_VARIABLE = YES;
				IPHONEOS_DEPLOYMENT_TARGET = 9.0;
				MTL_ENABLE_DEBUG_INFO = NO;
				SDKROOT = iphoneos;
				TARGETED_DEVICE_FAMILY = "1,2";
				VALIDATE_PRODUCT = YES;
			};
			name = Release;
		};
		CFEFCC871C3EA18700A239B6 /* Debug */ = {
			isa = XCBuildConfiguration;
			buildSettings = {
				ASSETCATALOG_COMPILER_APPICON_NAME = AppIcon;
				INFOPLIST_FILE = "pH Tutor/Info.plist";
				LD_RUNPATH_SEARCH_PATHS = "$(inherited) @executable_path/Frameworks";
				PRODUCT_BUNDLE_IDENTIFIER = "com.gemmashearer.pH-Tutor";
				PRODUCT_NAME = "$(TARGET_NAME)";
			};
			name = Debug;
		};
		CFEFCC881C3EA18700A239B6 /* Release */ = {
			isa = XCBuildConfiguration;
			buildSettings = {
				ASSETCATALOG_COMPILER_APPICON_NAME = AppIcon;
				INFOPLIST_FILE = "pH Tutor/Info.plist";
				LD_RUNPATH_SEARCH_PATHS = "$(inherited) @executable_path/Frameworks";
				PRODUCT_BUNDLE_IDENTIFIER = "com.gemmashearer.pH-Tutor";
				PRODUCT_NAME = "$(TARGET_NAME)";
			};
			name = Release;
		};
/* End XCBuildConfiguration section */

/* Begin XCConfigurationList section */
		CFEFCC6F1C3EA18700A239B6 /* Build configuration list for PBXProject "pH Tutor" */ = {
			isa = XCConfigurationList;
			buildConfigurations = (
				CFEFCC841C3EA18700A239B6 /* Debug */,
				CFEFCC851C3EA18700A239B6 /* Release */,
			);
			defaultConfigurationIsVisible = 0;
			defaultConfigurationName = Release;
		};
		CFEFCC861C3EA18700A239B6 /* Build configuration list for PBXNativeTarget "pH Tutor" */ = {
			isa = XCConfigurationList;
			buildConfigurations = (
				CFEFCC871C3EA18700A239B6 /* Debug */,
				CFEFCC881C3EA18700A239B6 /* Release */,
			);
			defaultConfigurationIsVisible = 0;
		};
/* End XCConfigurationList section */
	};
	rootObject = CFEFCC6C1C3EA18700A239B6 /* Project object */;
}
